// !$*UTF8*$!
{
	archiveVersion = 1;
	classes = {
	};
	objectVersion = 55;
	objects = {

/* Begin PBXBuildFile section */
		E305EC7528ACCC6800A3AAD3 /* OnboardingInteractor.swift in Sources */ = {isa = PBXBuildFile; fileRef = E305EC7428ACCC6800A3AAD3 /* OnboardingInteractor.swift */; };
		E305EC7728ACCC7600A3AAD3 /* OnboardingPresenter.swift in Sources */ = {isa = PBXBuildFile; fileRef = E305EC7628ACCC7600A3AAD3 /* OnboardingPresenter.swift */; };
		E305EC7928ACCC8100A3AAD3 /* OnboardingViewController.swift in Sources */ = {isa = PBXBuildFile; fileRef = E305EC7828ACCC8100A3AAD3 /* OnboardingViewController.swift */; };
		E305EC7B28ACD78200A3AAD3 /* OnboardingRouter.swift in Sources */ = {isa = PBXBuildFile; fileRef = E305EC7A28ACD78200A3AAD3 /* OnboardingRouter.swift */; };
		E313B89828ACE36200E33975 /* RegistrationRouter.swift in Sources */ = {isa = PBXBuildFile; fileRef = E313B89728ACE36200E33975 /* RegistrationRouter.swift */; };
		E313B89A28ACE37B00E33975 /* RegistrationInteractor.swift in Sources */ = {isa = PBXBuildFile; fileRef = E313B89928ACE37B00E33975 /* RegistrationInteractor.swift */; };
		E313B89C28ACE38D00E33975 /* RegistrationPresenter.swift in Sources */ = {isa = PBXBuildFile; fileRef = E313B89B28ACE38D00E33975 /* RegistrationPresenter.swift */; };
		E313B89E28ACE39800E33975 /* RegistrationViewController.swift in Sources */ = {isa = PBXBuildFile; fileRef = E313B89D28ACE39800E33975 /* RegistrationViewController.swift */; };
		E313B8A028AD01A500E33975 /* UIViewController.swift in Sources */ = {isa = PBXBuildFile; fileRef = E313B89F28AD01A500E33975 /* UIViewController.swift */; };
		E31BEE4A28A96A6A00E29A1C /* ApplePayManager.swift in Sources */ = {isa = PBXBuildFile; fileRef = E31BEE4928A96A6A00E29A1C /* ApplePayManager.swift */; };
		E334DFCD28A82687000A2316 /* NotificationManager.swift in Sources */ = {isa = PBXBuildFile; fileRef = E334DFCC28A82687000A2316 /* NotificationManager.swift */; };
		E34ABC2F28A771C200A7D2C8 /* RequestManager.swift in Sources */ = {isa = PBXBuildFile; fileRef = E34ABC2E28A771C200A7D2C8 /* RequestManager.swift */; };
		E34ABC3228A78F1F00A7D2C8 /* UserToken.swift in Sources */ = {isa = PBXBuildFile; fileRef = E34ABC3128A78F1F00A7D2C8 /* UserToken.swift */; };
		E34ABC3428A7906500A7D2C8 /* User.swift in Sources */ = {isa = PBXBuildFile; fileRef = E34ABC3328A7906500A7D2C8 /* User.swift */; };
		E34ABC3628A7951600A7D2C8 /* Offer.swift in Sources */ = {isa = PBXBuildFile; fileRef = E34ABC3528A7951600A7D2C8 /* Offer.swift */; };
		E34ABC3828A7961E00A7D2C8 /* Deal.swift in Sources */ = {isa = PBXBuildFile; fileRef = E34ABC3728A7961E00A7D2C8 /* Deal.swift */; };
		E34ABC3A28A796EA00A7D2C8 /* Ad.swift in Sources */ = {isa = PBXBuildFile; fileRef = E34ABC3928A796EA00A7D2C8 /* Ad.swift */; };
		E34ABC3C28A7BD4300A7D2C8 /* HTTPMethods.swift in Sources */ = {isa = PBXBuildFile; fileRef = E34ABC3B28A7BD4300A7D2C8 /* HTTPMethods.swift */; };
		E34ABC3E28A7BD9F00A7D2C8 /* HTTPAuthentaficationMode.swift in Sources */ = {isa = PBXBuildFile; fileRef = E34ABC3D28A7BD9F00A7D2C8 /* HTTPAuthentaficationMode.swift */; };
		E34ABC4028A7BDD500A7D2C8 /* Headers.swift in Sources */ = {isa = PBXBuildFile; fileRef = E34ABC3F28A7BDD500A7D2C8 /* Headers.swift */; };
		E34ABC4328A7C59B00A7D2C8 /* RequestErrors.swift in Sources */ = {isa = PBXBuildFile; fileRef = E34ABC4228A7C59B00A7D2C8 /* RequestErrors.swift */; };
		E34ABC4528A7CE2E00A7D2C8 /* RegistrationErrors.swift in Sources */ = {isa = PBXBuildFile; fileRef = E34ABC4428A7CE2E00A7D2C8 /* RegistrationErrors.swift */; };
		E34ABC4928A7CE9F00A7D2C8 /* RegistrationManager.swift in Sources */ = {isa = PBXBuildFile; fileRef = E34ABC4828A7CE9F00A7D2C8 /* RegistrationManager.swift */; };
		E34ABC4C28A7CEC100A7D2C8 /* String.swift in Sources */ = {isa = PBXBuildFile; fileRef = E34ABC4B28A7CEC100A7D2C8 /* String.swift */; };
		E34ABC4F28A7D15F00A7D2C8 /* UserDefaultsManager.swift in Sources */ = {isa = PBXBuildFile; fileRef = E34ABC4E28A7D15F00A7D2C8 /* UserDefaultsManager.swift */; };
		E34ABC5128A7D30E00A7D2C8 /* UserDefaultsKeys.swift in Sources */ = {isa = PBXBuildFile; fileRef = E34ABC5028A7D30E00A7D2C8 /* UserDefaultsKeys.swift */; };
		E34ABC5428A7D39200A7D2C8 /* KeychainManager.swift in Sources */ = {isa = PBXBuildFile; fileRef = E34ABC5328A7D39200A7D2C8 /* KeychainManager.swift */; };
		E34ABC5728A7D40900A7D2C8 /* KeychainAccess in Frameworks */ = {isa = PBXBuildFile; productRef = E34ABC5628A7D40900A7D2C8 /* KeychainAccess */; };
		E34ABC5928A7D48300A7D2C8 /* KeychainKeys.swift in Sources */ = {isa = PBXBuildFile; fileRef = E34ABC5828A7D48300A7D2C8 /* KeychainKeys.swift */; };
		E34ABC5C28A7D6BF00A7D2C8 /* WebSocketManager.swift in Sources */ = {isa = PBXBuildFile; fileRef = E34ABC5B28A7D6BF00A7D2C8 /* WebSocketManager.swift */; };
		E34ABC5E28A7D77800A7D2C8 /* WSAuthentaficationMode.swift in Sources */ = {isa = PBXBuildFile; fileRef = E34ABC5D28A7D77800A7D2C8 /* WSAuthentaficationMode.swift */; };
		E3BC6CA128ABF91800CDA167 /* SnapKit in Frameworks */ = {isa = PBXBuildFile; productRef = E3BC6CA028ABF91800CDA167 /* SnapKit */; };
		E3CEE67728ABD33600468ED2 /* MainTabBarCoordinator.swift in Sources */ = {isa = PBXBuildFile; fileRef = E3CEE67628ABD33600468ED2 /* MainTabBarCoordinator.swift */; };
		E3CEE67928ABD3BA00468ED2 /* UIColor.swift in Sources */ = {isa = PBXBuildFile; fileRef = E3CEE67828ABD3BA00468ED2 /* UIColor.swift */; };
		E3CEE67B28ABD5E300468ED2 /* FeedCoordinator.swift in Sources */ = {isa = PBXBuildFile; fileRef = E3CEE67A28ABD5E300468ED2 /* FeedCoordinator.swift */; };
		E3CEE67D28ABD6D500468ED2 /* ProfileCoordinator.swift in Sources */ = {isa = PBXBuildFile; fileRef = E3CEE67C28ABD6D400468ED2 /* ProfileCoordinator.swift */; };
		E3CEE67F28ABD88800468ED2 /* Coordinator.swift in Sources */ = {isa = PBXBuildFile; fileRef = E3CEE67E28ABD88800468ED2 /* Coordinator.swift */; };
		E3CEE68228ABE4DC00468ED2 /* RegistrationCoordinator.swift in Sources */ = {isa = PBXBuildFile; fileRef = E3CEE68128ABE4DC00468ED2 /* RegistrationCoordinator.swift */; };
		E3CEE68528ABE77B00468ED2 /* RegistrationMode.swift in Sources */ = {isa = PBXBuildFile; fileRef = E3CEE68428ABE77B00468ED2 /* RegistrationMode.swift */; };
		E3D74F5028A69BD2004C5172 /* AppDelegate.swift in Sources */ = {isa = PBXBuildFile; fileRef = E3D74F4F28A69BD2004C5172 /* AppDelegate.swift */; };
		E3D74F5228A69BD2004C5172 /* SceneDelegate.swift in Sources */ = {isa = PBXBuildFile; fileRef = E3D74F5128A69BD2004C5172 /* SceneDelegate.swift */; };
		E3D74F5A28A69BD2004C5172 /* FINDAPET_App.xcdatamodeld in Sources */ = {isa = PBXBuildFile; fileRef = E3D74F5828A69BD2004C5172 /* FINDAPET_App.xcdatamodeld */; };
		E3D74F5C28A69BD4004C5172 /* Assets.xcassets in Resources */ = {isa = PBXBuildFile; fileRef = E3D74F5B28A69BD4004C5172 /* Assets.xcassets */; };
		E3D74F5F28A69BD4004C5172 /* LaunchScreen.storyboard in Resources */ = {isa = PBXBuildFile; fileRef = E3D74F5D28A69BD4004C5172 /* LaunchScreen.storyboard */; };
		E3D74F6D28A6A7FC004C5172 /* Localizable.strings in Resources */ = {isa = PBXBuildFile; fileRef = E3D74F6F28A6A7FC004C5172 /* Localizable.strings */; };
		E3D74F7328A6A815004C5172 /* Localizable.stringsdict in Resources */ = {isa = PBXBuildFile; fileRef = E3D74F7528A6A815004C5172 /* Localizable.stringsdict */; };
		E3D74F7B28A6AA91004C5172 /* Schemes.swift in Sources */ = {isa = PBXBuildFile; fileRef = E3D74F7A28A6AA91004C5172 /* Schemes.swift */; };
		E3D74F7D28A6AB26004C5172 /* Hosts.swift in Sources */ = {isa = PBXBuildFile; fileRef = E3D74F7C28A6AB26004C5172 /* Hosts.swift */; };
		E3D74F7F28A6ABB6004C5172 /* Ports.swift in Sources */ = {isa = PBXBuildFile; fileRef = E3D74F7E28A6ABB6004C5172 /* Ports.swift */; };
		E3D74F8128A6AC3F004C5172 /* Paths.swift in Sources */ = {isa = PBXBuildFile; fileRef = E3D74F8028A6AC3F004C5172 /* Paths.swift */; };
		E3D74F8428A6ADD2004C5172 /* URLConstructor.swift in Sources */ = {isa = PBXBuildFile; fileRef = E3D74F8328A6ADD2004C5172 /* URLConstructor.swift */; };
		E3D9570328AFD63500CCF566 /* EditProfileRouter.swift in Sources */ = {isa = PBXBuildFile; fileRef = E3D9570228AFD63500CCF566 /* EditProfileRouter.swift */; };
		E3D9570528AFD64200CCF566 /* EditProfileInteractor.swift in Sources */ = {isa = PBXBuildFile; fileRef = E3D9570428AFD64200CCF566 /* EditProfileInteractor.swift */; };
		E3D9570728AFD65000CCF566 /* EditProfilePresenter.swift in Sources */ = {isa = PBXBuildFile; fileRef = E3D9570628AFD65000CCF566 /* EditProfilePresenter.swift */; };
		E3D9570928AFD65900CCF566 /* EditProfileViewController.swift in Sources */ = {isa = PBXBuildFile; fileRef = E3D9570828AFD65900CCF566 /* EditProfileViewController.swift */; };
		E3D9570E28B0129100CCF566 /* CustomTextField.swift in Sources */ = {isa = PBXBuildFile; fileRef = E3D9570D28B0129100CCF566 /* CustomTextField.swift */; };
		E3E4D6A028B92BE3002B0BE6 /* PrivacyPolicyRouter.swift in Sources */ = {isa = PBXBuildFile; fileRef = E3E4D69F28B92BE3002B0BE6 /* PrivacyPolicyRouter.swift */; };
		E3E4D6A228B92BF4002B0BE6 /* PrivacyPolicyInteractor.swift in Sources */ = {isa = PBXBuildFile; fileRef = E3E4D6A128B92BF4002B0BE6 /* PrivacyPolicyInteractor.swift */; };
		E3E4D6A428B92BFE002B0BE6 /* PrivacyPolicyPresenter.swift in Sources */ = {isa = PBXBuildFile; fileRef = E3E4D6A328B92BFE002B0BE6 /* PrivacyPolicyPresenter.swift */; };
		E3E4D6A628B92C07002B0BE6 /* PrivacyPolicyViewController.swift in Sources */ = {isa = PBXBuildFile; fileRef = E3E4D6A528B92C07002B0BE6 /* PrivacyPolicyViewController.swift */; };
		E3FFF11428AAAA0A0046E14A /* CountryCodes.swift in Sources */ = {isa = PBXBuildFile; fileRef = E3FFF11328AAAA0A0046E14A /* CountryCodes.swift */; };
/* End PBXBuildFile section */

/* Begin PBXFileReference section */
		E305EC7428ACCC6800A3AAD3 /* OnboardingInteractor.swift */ = {isa = PBXFileReference; lastKnownFileType = sourcecode.swift; path = OnboardingInteractor.swift; sourceTree = "<group>"; };
		E305EC7628ACCC7600A3AAD3 /* OnboardingPresenter.swift */ = {isa = PBXFileReference; lastKnownFileType = sourcecode.swift; path = OnboardingPresenter.swift; sourceTree = "<group>"; };
		E305EC7828ACCC8100A3AAD3 /* OnboardingViewController.swift */ = {isa = PBXFileReference; lastKnownFileType = sourcecode.swift; path = OnboardingViewController.swift; sourceTree = "<group>"; };
		E305EC7A28ACD78200A3AAD3 /* OnboardingRouter.swift */ = {isa = PBXFileReference; lastKnownFileType = sourcecode.swift; path = OnboardingRouter.swift; sourceTree = "<group>"; };
		E313B89728ACE36200E33975 /* RegistrationRouter.swift */ = {isa = PBXFileReference; lastKnownFileType = sourcecode.swift; path = RegistrationRouter.swift; sourceTree = "<group>"; };
		E313B89928ACE37B00E33975 /* RegistrationInteractor.swift */ = {isa = PBXFileReference; lastKnownFileType = sourcecode.swift; path = RegistrationInteractor.swift; sourceTree = "<group>"; };
		E313B89B28ACE38D00E33975 /* RegistrationPresenter.swift */ = {isa = PBXFileReference; lastKnownFileType = sourcecode.swift; path = RegistrationPresenter.swift; sourceTree = "<group>"; };
		E313B89D28ACE39800E33975 /* RegistrationViewController.swift */ = {isa = PBXFileReference; lastKnownFileType = sourcecode.swift; path = RegistrationViewController.swift; sourceTree = "<group>"; };
		E313B89F28AD01A500E33975 /* UIViewController.swift */ = {isa = PBXFileReference; lastKnownFileType = sourcecode.swift; path = UIViewController.swift; sourceTree = "<group>"; };
		E31BEE4928A96A6A00E29A1C /* ApplePayManager.swift */ = {isa = PBXFileReference; lastKnownFileType = sourcecode.swift; path = ApplePayManager.swift; sourceTree = "<group>"; };
		E334DFC728A81D9F000A2316 /* FINDAPET-App.entitlements */ = {isa = PBXFileReference; lastKnownFileType = text.plist.entitlements; path = "FINDAPET-App.entitlements"; sourceTree = "<group>"; };
		E334DFCC28A82687000A2316 /* NotificationManager.swift */ = {isa = PBXFileReference; lastKnownFileType = sourcecode.swift; path = NotificationManager.swift; sourceTree = "<group>"; };
		E34ABC2E28A771C200A7D2C8 /* RequestManager.swift */ = {isa = PBXFileReference; lastKnownFileType = sourcecode.swift; path = RequestManager.swift; sourceTree = "<group>"; };
		E34ABC3128A78F1F00A7D2C8 /* UserToken.swift */ = {isa = PBXFileReference; lastKnownFileType = sourcecode.swift; path = UserToken.swift; sourceTree = "<group>"; };
		E34ABC3328A7906500A7D2C8 /* User.swift */ = {isa = PBXFileReference; lastKnownFileType = sourcecode.swift; path = User.swift; sourceTree = "<group>"; };
		E34ABC3528A7951600A7D2C8 /* Offer.swift */ = {isa = PBXFileReference; lastKnownFileType = sourcecode.swift; path = Offer.swift; sourceTree = "<group>"; };
		E34ABC3728A7961E00A7D2C8 /* Deal.swift */ = {isa = PBXFileReference; lastKnownFileType = sourcecode.swift; path = Deal.swift; sourceTree = "<group>"; };
		E34ABC3928A796EA00A7D2C8 /* Ad.swift */ = {isa = PBXFileReference; lastKnownFileType = sourcecode.swift; path = Ad.swift; sourceTree = "<group>"; };
		E34ABC3B28A7BD4300A7D2C8 /* HTTPMethods.swift */ = {isa = PBXFileReference; lastKnownFileType = sourcecode.swift; path = HTTPMethods.swift; sourceTree = "<group>"; };
		E34ABC3D28A7BD9F00A7D2C8 /* HTTPAuthentaficationMode.swift */ = {isa = PBXFileReference; lastKnownFileType = sourcecode.swift; path = HTTPAuthentaficationMode.swift; sourceTree = "<group>"; };
		E34ABC3F28A7BDD500A7D2C8 /* Headers.swift */ = {isa = PBXFileReference; lastKnownFileType = sourcecode.swift; path = Headers.swift; sourceTree = "<group>"; };
		E34ABC4228A7C59B00A7D2C8 /* RequestErrors.swift */ = {isa = PBXFileReference; lastKnownFileType = sourcecode.swift; path = RequestErrors.swift; sourceTree = "<group>"; };
		E34ABC4428A7CE2E00A7D2C8 /* RegistrationErrors.swift */ = {isa = PBXFileReference; lastKnownFileType = sourcecode.swift; path = RegistrationErrors.swift; sourceTree = "<group>"; };
		E34ABC4828A7CE9F00A7D2C8 /* RegistrationManager.swift */ = {isa = PBXFileReference; lastKnownFileType = sourcecode.swift; path = RegistrationManager.swift; sourceTree = "<group>"; };
		E34ABC4B28A7CEC100A7D2C8 /* String.swift */ = {isa = PBXFileReference; lastKnownFileType = sourcecode.swift; path = String.swift; sourceTree = "<group>"; };
		E34ABC4E28A7D15F00A7D2C8 /* UserDefaultsManager.swift */ = {isa = PBXFileReference; lastKnownFileType = sourcecode.swift; path = UserDefaultsManager.swift; sourceTree = "<group>"; };
		E34ABC5028A7D30E00A7D2C8 /* UserDefaultsKeys.swift */ = {isa = PBXFileReference; lastKnownFileType = sourcecode.swift; path = UserDefaultsKeys.swift; sourceTree = "<group>"; };
		E34ABC5328A7D39200A7D2C8 /* KeychainManager.swift */ = {isa = PBXFileReference; lastKnownFileType = sourcecode.swift; path = KeychainManager.swift; sourceTree = "<group>"; };
		E34ABC5828A7D48300A7D2C8 /* KeychainKeys.swift */ = {isa = PBXFileReference; lastKnownFileType = sourcecode.swift; path = KeychainKeys.swift; sourceTree = "<group>"; };
		E34ABC5B28A7D6BF00A7D2C8 /* WebSocketManager.swift */ = {isa = PBXFileReference; lastKnownFileType = sourcecode.swift; path = WebSocketManager.swift; sourceTree = "<group>"; };
		E34ABC5D28A7D77800A7D2C8 /* WSAuthentaficationMode.swift */ = {isa = PBXFileReference; lastKnownFileType = sourcecode.swift; path = WSAuthentaficationMode.swift; sourceTree = "<group>"; };
		E3CEE67628ABD33600468ED2 /* MainTabBarCoordinator.swift */ = {isa = PBXFileReference; lastKnownFileType = sourcecode.swift; path = MainTabBarCoordinator.swift; sourceTree = "<group>"; };
		E3CEE67828ABD3BA00468ED2 /* UIColor.swift */ = {isa = PBXFileReference; lastKnownFileType = sourcecode.swift; path = UIColor.swift; sourceTree = "<group>"; };
		E3CEE67A28ABD5E300468ED2 /* FeedCoordinator.swift */ = {isa = PBXFileReference; lastKnownFileType = sourcecode.swift; path = FeedCoordinator.swift; sourceTree = "<group>"; };
		E3CEE67C28ABD6D400468ED2 /* ProfileCoordinator.swift */ = {isa = PBXFileReference; lastKnownFileType = sourcecode.swift; path = ProfileCoordinator.swift; sourceTree = "<group>"; };
		E3CEE67E28ABD88800468ED2 /* Coordinator.swift */ = {isa = PBXFileReference; lastKnownFileType = sourcecode.swift; path = Coordinator.swift; sourceTree = "<group>"; };
		E3CEE68128ABE4DC00468ED2 /* RegistrationCoordinator.swift */ = {isa = PBXFileReference; lastKnownFileType = sourcecode.swift; path = RegistrationCoordinator.swift; sourceTree = "<group>"; };
		E3CEE68428ABE77B00468ED2 /* RegistrationMode.swift */ = {isa = PBXFileReference; lastKnownFileType = sourcecode.swift; path = RegistrationMode.swift; sourceTree = "<group>"; };
		E3D74F4C28A69BD2004C5172 /* FINDAPET-App.app */ = {isa = PBXFileReference; explicitFileType = wrapper.application; includeInIndex = 0; path = "FINDAPET-App.app"; sourceTree = BUILT_PRODUCTS_DIR; };
		E3D74F4F28A69BD2004C5172 /* AppDelegate.swift */ = {isa = PBXFileReference; lastKnownFileType = sourcecode.swift; path = AppDelegate.swift; sourceTree = "<group>"; };
		E3D74F5128A69BD2004C5172 /* SceneDelegate.swift */ = {isa = PBXFileReference; lastKnownFileType = sourcecode.swift; path = SceneDelegate.swift; sourceTree = "<group>"; };
		E3D74F5928A69BD2004C5172 /* FINDAPET_App.xcdatamodel */ = {isa = PBXFileReference; lastKnownFileType = wrapper.xcdatamodel; path = FINDAPET_App.xcdatamodel; sourceTree = "<group>"; };
		E3D74F5B28A69BD4004C5172 /* Assets.xcassets */ = {isa = PBXFileReference; lastKnownFileType = folder.assetcatalog; path = Assets.xcassets; sourceTree = "<group>"; };
		E3D74F5E28A69BD4004C5172 /* Base */ = {isa = PBXFileReference; lastKnownFileType = file.storyboard; name = Base; path = Base.lproj/LaunchScreen.storyboard; sourceTree = "<group>"; };
		E3D74F6028A69BD4004C5172 /* Info.plist */ = {isa = PBXFileReference; lastKnownFileType = text.plist.xml; path = Info.plist; sourceTree = "<group>"; };
		E3D74F6E28A6A7FC004C5172 /* en */ = {isa = PBXFileReference; lastKnownFileType = text.plist.strings; name = en; path = en.lproj/Localizable.strings; sourceTree = "<group>"; };
		E3D74F7028A6A7FD004C5172 /* ru */ = {isa = PBXFileReference; lastKnownFileType = text.plist.strings; name = ru; path = ru.lproj/Localizable.strings; sourceTree = "<group>"; };
		E3D74F7428A6A815004C5172 /* en */ = {isa = PBXFileReference; lastKnownFileType = text.plist.stringsdict; name = en; path = en.lproj/Localizable.stringsdict; sourceTree = "<group>"; };
		E3D74F7628A6A816004C5172 /* ru */ = {isa = PBXFileReference; lastKnownFileType = text.plist.stringsdict; name = ru; path = ru.lproj/Localizable.stringsdict; sourceTree = "<group>"; };
		E3D74F7A28A6AA91004C5172 /* Schemes.swift */ = {isa = PBXFileReference; lastKnownFileType = sourcecode.swift; path = Schemes.swift; sourceTree = "<group>"; };
		E3D74F7C28A6AB26004C5172 /* Hosts.swift */ = {isa = PBXFileReference; lastKnownFileType = sourcecode.swift; path = Hosts.swift; sourceTree = "<group>"; };
		E3D74F7E28A6ABB6004C5172 /* Ports.swift */ = {isa = PBXFileReference; lastKnownFileType = sourcecode.swift; path = Ports.swift; sourceTree = "<group>"; };
		E3D74F8028A6AC3F004C5172 /* Paths.swift */ = {isa = PBXFileReference; lastKnownFileType = sourcecode.swift; path = Paths.swift; sourceTree = "<group>"; };
		E3D74F8328A6ADD2004C5172 /* URLConstructor.swift */ = {isa = PBXFileReference; lastKnownFileType = sourcecode.swift; path = URLConstructor.swift; sourceTree = "<group>"; };
		E3D9570228AFD63500CCF566 /* EditProfileRouter.swift */ = {isa = PBXFileReference; lastKnownFileType = sourcecode.swift; path = EditProfileRouter.swift; sourceTree = "<group>"; };
		E3D9570428AFD64200CCF566 /* EditProfileInteractor.swift */ = {isa = PBXFileReference; lastKnownFileType = sourcecode.swift; path = EditProfileInteractor.swift; sourceTree = "<group>"; };
		E3D9570628AFD65000CCF566 /* EditProfilePresenter.swift */ = {isa = PBXFileReference; lastKnownFileType = sourcecode.swift; path = EditProfilePresenter.swift; sourceTree = "<group>"; };
		E3D9570828AFD65900CCF566 /* EditProfileViewController.swift */ = {isa = PBXFileReference; lastKnownFileType = sourcecode.swift; path = EditProfileViewController.swift; sourceTree = "<group>"; };
		E3D9570D28B0129100CCF566 /* CustomTextField.swift */ = {isa = PBXFileReference; lastKnownFileType = sourcecode.swift; path = CustomTextField.swift; sourceTree = "<group>"; };
		E3E4D69F28B92BE3002B0BE6 /* PrivacyPolicyRouter.swift */ = {isa = PBXFileReference; lastKnownFileType = sourcecode.swift; path = PrivacyPolicyRouter.swift; sourceTree = "<group>"; };
		E3E4D6A128B92BF4002B0BE6 /* PrivacyPolicyInteractor.swift */ = {isa = PBXFileReference; lastKnownFileType = sourcecode.swift; path = PrivacyPolicyInteractor.swift; sourceTree = "<group>"; };
		E3E4D6A328B92BFE002B0BE6 /* PrivacyPolicyPresenter.swift */ = {isa = PBXFileReference; lastKnownFileType = sourcecode.swift; path = PrivacyPolicyPresenter.swift; sourceTree = "<group>"; };
		E3E4D6A528B92C07002B0BE6 /* PrivacyPolicyViewController.swift */ = {isa = PBXFileReference; lastKnownFileType = sourcecode.swift; path = PrivacyPolicyViewController.swift; sourceTree = "<group>"; };
		E3FFF11328AAAA0A0046E14A /* CountryCodes.swift */ = {isa = PBXFileReference; lastKnownFileType = sourcecode.swift; path = CountryCodes.swift; sourceTree = "<group>"; };
/* End PBXFileReference section */

/* Begin PBXFrameworksBuildPhase section */
		E3D74F4928A69BD2004C5172 /* Frameworks */ = {
			isa = PBXFrameworksBuildPhase;
			buildActionMask = 2147483647;
			files = (
				E34ABC5728A7D40900A7D2C8 /* KeychainAccess in Frameworks */,
				E3BC6CA128ABF91800CDA167 /* SnapKit in Frameworks */,
			);
			runOnlyForDeploymentPostprocessing = 0;
		};
/* End PBXFrameworksBuildPhase section */

/* Begin PBXGroup section */
		E305EC7128ACCC3D00A3AAD3 /* OnboardingModule */ = {
			isa = PBXGroup;
			children = (
				E305EC7A28ACD78200A3AAD3 /* OnboardingRouter.swift */,
				E305EC7428ACCC6800A3AAD3 /* OnboardingInteractor.swift */,
				E305EC7628ACCC7600A3AAD3 /* OnboardingPresenter.swift */,
				E305EC7828ACCC8100A3AAD3 /* OnboardingViewController.swift */,
			);
			path = OnboardingModule;
			sourceTree = "<group>";
		};
		E31BEE4B28A96A7600E29A1C /* ApplePayManager */ = {
			isa = PBXGroup;
			children = (
				E31BEE4928A96A6A00E29A1C /* ApplePayManager.swift */,
				E3FFF11328AAAA0A0046E14A /* CountryCodes.swift */,
			);
			path = ApplePayManager;
			sourceTree = "<group>";
		};
		E334DFCB28A8265B000A2316 /* NotificationManager */ = {
			isa = PBXGroup;
			children = (
				E334DFC728A81D9F000A2316 /* FINDAPET-App.entitlements */,
				E334DFCC28A82687000A2316 /* NotificationManager.swift */,
			);
			path = NotificationManager;
			sourceTree = "<group>";
		};
		E34ABC2D28A771A600A7D2C8 /* Services */ = {
			isa = PBXGroup;
			children = (
				E31BEE4B28A96A7600E29A1C /* ApplePayManager */,
				E334DFCB28A8265B000A2316 /* NotificationManager */,
				E34ABC5A28A7D6AB00A7D2C8 /* WebSocketManager */,
				E34ABC5228A7D37B00A7D2C8 /* KeychainManager */,
				E34ABC4D28A7D0F100A7D2C8 /* UserDefaultsManager */,
				E34ABC4728A7CE7200A7D2C8 /* RegistrationManager */,
				E3D74F7728A6A8E4004C5172 /* URLContructor */,
				E34ABC4628A7CE5F00A7D2C8 /* RequestManager */,
			);
			path = Services;
			sourceTree = "<group>";
		};
		E34ABC3028A7722800A7D2C8 /* Models */ = {
			isa = PBXGroup;
			children = (
				E34ABC3128A78F1F00A7D2C8 /* UserToken.swift */,
				E34ABC3328A7906500A7D2C8 /* User.swift */,
				E34ABC3528A7951600A7D2C8 /* Offer.swift */,
				E34ABC3728A7961E00A7D2C8 /* Deal.swift */,
				E34ABC3928A796EA00A7D2C8 /* Ad.swift */,
			);
			path = Models;
			sourceTree = "<group>";
		};
		E34ABC4128A7C31400A7D2C8 /* Errors */ = {
			isa = PBXGroup;
			children = (
				E34ABC4228A7C59B00A7D2C8 /* RequestErrors.swift */,
				E34ABC4428A7CE2E00A7D2C8 /* RegistrationErrors.swift */,
			);
			path = Errors;
			sourceTree = "<group>";
		};
		E34ABC4628A7CE5F00A7D2C8 /* RequestManager */ = {
			isa = PBXGroup;
			children = (
				E34ABC2E28A771C200A7D2C8 /* RequestManager.swift */,
				E34ABC3B28A7BD4300A7D2C8 /* HTTPMethods.swift */,
				E34ABC3D28A7BD9F00A7D2C8 /* HTTPAuthentaficationMode.swift */,
				E34ABC3F28A7BDD500A7D2C8 /* Headers.swift */,
			);
			path = RequestManager;
			sourceTree = "<group>";
		};
		E34ABC4728A7CE7200A7D2C8 /* RegistrationManager */ = {
			isa = PBXGroup;
			children = (
				E34ABC4828A7CE9F00A7D2C8 /* RegistrationManager.swift */,
			);
			path = RegistrationManager;
			sourceTree = "<group>";
		};
		E34ABC4A28A7CEB100A7D2C8 /* TypeExtensions */ = {
			isa = PBXGroup;
			children = (
				E34ABC4B28A7CEC100A7D2C8 /* String.swift */,
				E3CEE67828ABD3BA00468ED2 /* UIColor.swift */,
				E313B89F28AD01A500E33975 /* UIViewController.swift */,
			);
			path = TypeExtensions;
			sourceTree = "<group>";
		};
		E34ABC4D28A7D0F100A7D2C8 /* UserDefaultsManager */ = {
			isa = PBXGroup;
			children = (
				E34ABC4E28A7D15F00A7D2C8 /* UserDefaultsManager.swift */,
				E34ABC5028A7D30E00A7D2C8 /* UserDefaultsKeys.swift */,
			);
			path = UserDefaultsManager;
			sourceTree = "<group>";
		};
		E34ABC5228A7D37B00A7D2C8 /* KeychainManager */ = {
			isa = PBXGroup;
			children = (
				E34ABC5328A7D39200A7D2C8 /* KeychainManager.swift */,
				E34ABC5828A7D48300A7D2C8 /* KeychainKeys.swift */,
			);
			path = KeychainManager;
			sourceTree = "<group>";
		};
		E34ABC5A28A7D6AB00A7D2C8 /* WebSocketManager */ = {
			isa = PBXGroup;
			children = (
				E34ABC5B28A7D6BF00A7D2C8 /* WebSocketManager.swift */,
				E34ABC5D28A7D77800A7D2C8 /* WSAuthentaficationMode.swift */,
			);
			path = WebSocketManager;
			sourceTree = "<group>";
		};
		E3CEE67528ABD2E200468ED2 /* Navigation */ = {
			isa = PBXGroup;
			children = (
				E3CEE67628ABD33600468ED2 /* MainTabBarCoordinator.swift */,
				E3CEE67A28ABD5E300468ED2 /* FeedCoordinator.swift */,
				E3CEE67C28ABD6D400468ED2 /* ProfileCoordinator.swift */,
				E3CEE68128ABE4DC00468ED2 /* RegistrationCoordinator.swift */,
				E3CEE67E28ABD88800468ED2 /* Coordinator.swift */,
			);
			path = Navigation;
			sourceTree = "<group>";
		};
		E3CEE68328ABE72D00468ED2 /* RegistrationModule */ = {
			isa = PBXGroup;
			children = (
				E3CEE68428ABE77B00468ED2 /* RegistrationMode.swift */,
				E313B89728ACE36200E33975 /* RegistrationRouter.swift */,
				E313B89928ACE37B00E33975 /* RegistrationInteractor.swift */,
				E313B89B28ACE38D00E33975 /* RegistrationPresenter.swift */,
				E313B89D28ACE39800E33975 /* RegistrationViewController.swift */,
			);
			path = RegistrationModule;
			sourceTree = "<group>";
		};
		E3D74F4328A69BD2004C5172 = {
			isa = PBXGroup;
			children = (
				E3D74F4E28A69BD2004C5172 /* FINDAPET-App */,
				E3D74F4D28A69BD2004C5172 /* Products */,
			);
			sourceTree = "<group>";
		};
		E3D74F4D28A69BD2004C5172 /* Products */ = {
			isa = PBXGroup;
			children = (
				E3D74F4C28A69BD2004C5172 /* FINDAPET-App.app */,
			);
			name = Products;
			sourceTree = "<group>";
		};
		E3D74F4E28A69BD2004C5172 /* FINDAPET-App */ = {
			isa = PBXGroup;
			children = (
				E3D9570C28B0125B00CCF566 /* CustomUIElements */,
				E3E4D69E28B92B9E002B0BE6 /* PrivacyPolicyModule */,
				E3D9570128AFD5A400CCF566 /* EditProfileModule */,
				E305EC7128ACCC3D00A3AAD3 /* OnboardingModule */,
				E3CEE68328ABE72D00468ED2 /* RegistrationModule */,
				E3CEE67528ABD2E200468ED2 /* Navigation */,
				E34ABC4A28A7CEB100A7D2C8 /* TypeExtensions */,
				E34ABC4128A7C31400A7D2C8 /* Errors */,
				E34ABC3028A7722800A7D2C8 /* Models */,
				E34ABC2D28A771A600A7D2C8 /* Services */,
				E3D74F6928A6A6D6004C5172 /* Localization */,
				E3D74F6828A6A508004C5172 /* Core Data */,
				E3D74F6728A6A4F8004C5172 /* Sources */,
				E3D74F6628A6A4CD004C5172 /* Supporting Files */,
			);
			path = "FINDAPET-App";
			sourceTree = "<group>";
		};
		E3D74F6628A6A4CD004C5172 /* Supporting Files */ = {
			isa = PBXGroup;
			children = (
				E3D74F4F28A69BD2004C5172 /* AppDelegate.swift */,
				E3D74F5128A69BD2004C5172 /* SceneDelegate.swift */,
				E3D74F5D28A69BD4004C5172 /* LaunchScreen.storyboard */,
				E3D74F6028A69BD4004C5172 /* Info.plist */,
			);
			path = "Supporting Files";
			sourceTree = "<group>";
		};
		E3D74F6728A6A4F8004C5172 /* Sources */ = {
			isa = PBXGroup;
			children = (
				E3D74F5B28A69BD4004C5172 /* Assets.xcassets */,
			);
			path = Sources;
			sourceTree = "<group>";
		};
		E3D74F6828A6A508004C5172 /* Core Data */ = {
			isa = PBXGroup;
			children = (
				E3D74F5828A69BD2004C5172 /* FINDAPET_App.xcdatamodeld */,
			);
			path = "Core Data";
			sourceTree = "<group>";
		};
		E3D74F6928A6A6D6004C5172 /* Localization */ = {
			isa = PBXGroup;
			children = (
				E3D74F6F28A6A7FC004C5172 /* Localizable.strings */,
				E3D74F7528A6A815004C5172 /* Localizable.stringsdict */,
			);
			path = Localization;
			sourceTree = "<group>";
		};
		E3D74F7728A6A8E4004C5172 /* URLContructor */ = {
			isa = PBXGroup;
			children = (
				E3D74F8328A6ADD2004C5172 /* URLConstructor.swift */,
				E3D74F8228A6AD74004C5172 /* URLParts */,
			);
			path = URLContructor;
			sourceTree = "<group>";
		};
		E3D74F8228A6AD74004C5172 /* URLParts */ = {
			isa = PBXGroup;
			children = (
				E3D74F7A28A6AA91004C5172 /* Schemes.swift */,
				E3D74F7C28A6AB26004C5172 /* Hosts.swift */,
				E3D74F7E28A6ABB6004C5172 /* Ports.swift */,
				E3D74F8028A6AC3F004C5172 /* Paths.swift */,
			);
			path = URLParts;
			sourceTree = "<group>";
		};
		E3D9570128AFD5A400CCF566 /* EditProfileModule */ = {
			isa = PBXGroup;
			children = (
				E3D9570228AFD63500CCF566 /* EditProfileRouter.swift */,
				E3D9570428AFD64200CCF566 /* EditProfileInteractor.swift */,
				E3D9570628AFD65000CCF566 /* EditProfilePresenter.swift */,
				E3D9570828AFD65900CCF566 /* EditProfileViewController.swift */,
			);
			path = EditProfileModule;
			sourceTree = "<group>";
		};
		E3D9570C28B0125B00CCF566 /* CustomUIElements */ = {
			isa = PBXGroup;
			children = (
				E3D9570D28B0129100CCF566 /* CustomTextField.swift */,
			);
			path = CustomUIElements;
			sourceTree = "<group>";
		};
		E3E4D69E28B92B9E002B0BE6 /* PrivacyPolicyModule */ = {
			isa = PBXGroup;
			children = (
				E3E4D69F28B92BE3002B0BE6 /* PrivacyPolicyRouter.swift */,
				E3E4D6A128B92BF4002B0BE6 /* PrivacyPolicyInteractor.swift */,
				E3E4D6A328B92BFE002B0BE6 /* PrivacyPolicyPresenter.swift */,
				E3E4D6A528B92C07002B0BE6 /* PrivacyPolicyViewController.swift */,
			);
			path = PrivacyPolicyModule;
			sourceTree = "<group>";
		};
/* End PBXGroup section */

/* Begin PBXNativeTarget section */
		E3D74F4B28A69BD2004C5172 /* FINDAPET-App */ = {
			isa = PBXNativeTarget;
			buildConfigurationList = E3D74F6328A69BD4004C5172 /* Build configuration list for PBXNativeTarget "FINDAPET-App" */;
			buildPhases = (
				E3D74F4828A69BD2004C5172 /* Sources */,
				E3D74F4928A69BD2004C5172 /* Frameworks */,
				E3D74F4A28A69BD2004C5172 /* Resources */,
			);
			buildRules = (
			);
			dependencies = (
			);
			name = "FINDAPET-App";
			packageProductDependencies = (
				E34ABC5628A7D40900A7D2C8 /* KeychainAccess */,
				E3BC6CA028ABF91800CDA167 /* SnapKit */,
			);
			productName = "FINDAPET-App";
			productReference = E3D74F4C28A69BD2004C5172 /* FINDAPET-App.app */;
			productType = "com.apple.product-type.application";
		};
/* End PBXNativeTarget section */

/* Begin PBXProject section */
		E3D74F4428A69BD2004C5172 /* Project object */ = {
			isa = PBXProject;
			attributes = {
				BuildIndependentTargetsInParallel = 1;
				LastSwiftUpdateCheck = 1330;
				LastUpgradeCheck = 1330;
				TargetAttributes = {
					E3D74F4B28A69BD2004C5172 = {
						CreatedOnToolsVersion = 13.3.1;
					};
				};
			};
			buildConfigurationList = E3D74F4728A69BD2004C5172 /* Build configuration list for PBXProject "FINDAPET-App" */;
			compatibilityVersion = "Xcode 13.0";
			developmentRegion = en;
			hasScannedForEncodings = 0;
			knownRegions = (
				en,
				Base,
				ru,
			);
			mainGroup = E3D74F4328A69BD2004C5172;
			packageReferences = (
				E34ABC5528A7D40900A7D2C8 /* XCRemoteSwiftPackageReference "KeychainAccess" */,
				E3BC6C9F28ABF91800CDA167 /* XCRemoteSwiftPackageReference "SnapKit" */,
			);
			productRefGroup = E3D74F4D28A69BD2004C5172 /* Products */;
			projectDirPath = "";
			projectRoot = "";
			targets = (
				E3D74F4B28A69BD2004C5172 /* FINDAPET-App */,
			);
		};
/* End PBXProject section */

/* Begin PBXResourcesBuildPhase section */
		E3D74F4A28A69BD2004C5172 /* Resources */ = {
			isa = PBXResourcesBuildPhase;
			buildActionMask = 2147483647;
			files = (
				E3D74F5F28A69BD4004C5172 /* LaunchScreen.storyboard in Resources */,
				E3D74F7328A6A815004C5172 /* Localizable.stringsdict in Resources */,
				E3D74F6D28A6A7FC004C5172 /* Localizable.strings in Resources */,
				E3D74F5C28A69BD4004C5172 /* Assets.xcassets in Resources */,
			);
			runOnlyForDeploymentPostprocessing = 0;
		};
/* End PBXResourcesBuildPhase section */

/* Begin PBXSourcesBuildPhase section */
		E3D74F4828A69BD2004C5172 /* Sources */ = {
			isa = PBXSourcesBuildPhase;
			buildActionMask = 2147483647;
			files = (
				E3CEE68528ABE77B00468ED2 /* RegistrationMode.swift in Sources */,
				E34ABC3628A7951600A7D2C8 /* Offer.swift in Sources */,
				E31BEE4A28A96A6A00E29A1C /* ApplePayManager.swift in Sources */,
				E3D74F8428A6ADD2004C5172 /* URLConstructor.swift in Sources */,
				E34ABC4028A7BDD500A7D2C8 /* Headers.swift in Sources */,
				E313B89828ACE36200E33975 /* RegistrationRouter.swift in Sources */,
				E313B8A028AD01A500E33975 /* UIViewController.swift in Sources */,
				E3CEE67D28ABD6D500468ED2 /* ProfileCoordinator.swift in Sources */,
				E3D9570E28B0129100CCF566 /* CustomTextField.swift in Sources */,
				E34ABC4528A7CE2E00A7D2C8 /* RegistrationErrors.swift in Sources */,
				E305EC7728ACCC7600A3AAD3 /* OnboardingPresenter.swift in Sources */,
				E3CEE67928ABD3BA00468ED2 /* UIColor.swift in Sources */,
				E3E4D6A628B92C07002B0BE6 /* PrivacyPolicyViewController.swift in Sources */,
				E3FFF11428AAAA0A0046E14A /* CountryCodes.swift in Sources */,
				E34ABC4F28A7D15F00A7D2C8 /* UserDefaultsManager.swift in Sources */,
				E34ABC3A28A796EA00A7D2C8 /* Ad.swift in Sources */,
				E34ABC5E28A7D77800A7D2C8 /* WSAuthentaficationMode.swift in Sources */,
				E3CEE68228ABE4DC00468ED2 /* RegistrationCoordinator.swift in Sources */,
				E3D74F8128A6AC3F004C5172 /* Paths.swift in Sources */,
				E34ABC5428A7D39200A7D2C8 /* KeychainManager.swift in Sources */,
				E3CEE67728ABD33600468ED2 /* MainTabBarCoordinator.swift in Sources */,
				E34ABC3228A78F1F00A7D2C8 /* UserToken.swift in Sources */,
				E34ABC5C28A7D6BF00A7D2C8 /* WebSocketManager.swift in Sources */,
				E3D74F5A28A69BD2004C5172 /* FINDAPET_App.xcdatamodeld in Sources */,
				E3E4D6A028B92BE3002B0BE6 /* PrivacyPolicyRouter.swift in Sources */,
				E313B89A28ACE37B00E33975 /* RegistrationInteractor.swift in Sources */,
				E3D74F5028A69BD2004C5172 /* AppDelegate.swift in Sources */,
				E3D9570728AFD65000CCF566 /* EditProfilePresenter.swift in Sources */,
				E34ABC4328A7C59B00A7D2C8 /* RequestErrors.swift in Sources */,
				E34ABC4928A7CE9F00A7D2C8 /* RegistrationManager.swift in Sources */,
				E313B89C28ACE38D00E33975 /* RegistrationPresenter.swift in Sources */,
				E3D74F5228A69BD2004C5172 /* SceneDelegate.swift in Sources */,
				E3D74F7B28A6AA91004C5172 /* Schemes.swift in Sources */,
				E3E4D6A228B92BF4002B0BE6 /* PrivacyPolicyInteractor.swift in Sources */,
				E34ABC5928A7D48300A7D2C8 /* KeychainKeys.swift in Sources */,
				E334DFCD28A82687000A2316 /* NotificationManager.swift in Sources */,
				E34ABC5128A7D30E00A7D2C8 /* UserDefaultsKeys.swift in Sources */,
				E3D74F7F28A6ABB6004C5172 /* Ports.swift in Sources */,
				E34ABC2F28A771C200A7D2C8 /* RequestManager.swift in Sources */,
				E305EC7B28ACD78200A3AAD3 /* OnboardingRouter.swift in Sources */,
				E3CEE67F28ABD88800468ED2 /* Coordinator.swift in Sources */,
				E3D74F7D28A6AB26004C5172 /* Hosts.swift in Sources */,
				E3D9570328AFD63500CCF566 /* EditProfileRouter.swift in Sources */,
				E305EC7928ACCC8100A3AAD3 /* OnboardingViewController.swift in Sources */,
				E34ABC3828A7961E00A7D2C8 /* Deal.swift in Sources */,
				E3D9570528AFD64200CCF566 /* EditProfileInteractor.swift in Sources */,
				E34ABC3C28A7BD4300A7D2C8 /* HTTPMethods.swift in Sources */,
				E313B89E28ACE39800E33975 /* RegistrationViewController.swift in Sources */,
				E34ABC4C28A7CEC100A7D2C8 /* String.swift in Sources */,
				E3CEE67B28ABD5E300468ED2 /* FeedCoordinator.swift in Sources */,
				E34ABC3E28A7BD9F00A7D2C8 /* HTTPAuthentaficationMode.swift in Sources */,
				E34ABC3428A7906500A7D2C8 /* User.swift in Sources */,
				E3D9570928AFD65900CCF566 /* EditProfileViewController.swift in Sources */,
				E305EC7528ACCC6800A3AAD3 /* OnboardingInteractor.swift in Sources */,
				E3E4D6A428B92BFE002B0BE6 /* PrivacyPolicyPresenter.swift in Sources */,
			);
			runOnlyForDeploymentPostprocessing = 0;
		};
/* End PBXSourcesBuildPhase section */

/* Begin PBXVariantGroup section */
		E3D74F5D28A69BD4004C5172 /* LaunchScreen.storyboard */ = {
			isa = PBXVariantGroup;
			children = (
				E3D74F5E28A69BD4004C5172 /* Base */,
			);
			name = LaunchScreen.storyboard;
			sourceTree = "<group>";
		};
		E3D74F6F28A6A7FC004C5172 /* Localizable.strings */ = {
			isa = PBXVariantGroup;
			children = (
				E3D74F6E28A6A7FC004C5172 /* en */,
				E3D74F7028A6A7FD004C5172 /* ru */,
			);
			name = Localizable.strings;
			sourceTree = "<group>";
		};
		E3D74F7528A6A815004C5172 /* Localizable.stringsdict */ = {
			isa = PBXVariantGroup;
			children = (
				E3D74F7428A6A815004C5172 /* en */,
				E3D74F7628A6A816004C5172 /* ru */,
			);
			name = Localizable.stringsdict;
			sourceTree = "<group>";
		};
/* End PBXVariantGroup section */

/* Begin XCBuildConfiguration section */
		E3D74F6128A69BD4004C5172 /* Debug */ = {
			isa = XCBuildConfiguration;
			buildSettings = {
				ALWAYS_SEARCH_USER_PATHS = NO;
				CLANG_ANALYZER_LOCALIZABILITY_NONLOCALIZED = YES;
				CLANG_ANALYZER_NONNULL = YES;
				CLANG_ANALYZER_NUMBER_OBJECT_CONVERSION = YES_AGGRESSIVE;
				CLANG_CXX_LANGUAGE_STANDARD = "gnu++17";
				CLANG_ENABLE_MODULES = YES;
				CLANG_ENABLE_OBJC_ARC = YES;
				CLANG_ENABLE_OBJC_WEAK = YES;
				CLANG_WARN_BLOCK_CAPTURE_AUTORELEASING = YES;
				CLANG_WARN_BOOL_CONVERSION = YES;
				CLANG_WARN_COMMA = YES;
				CLANG_WARN_CONSTANT_CONVERSION = YES;
				CLANG_WARN_DEPRECATED_OBJC_IMPLEMENTATIONS = YES;
				CLANG_WARN_DIRECT_OBJC_ISA_USAGE = YES_ERROR;
				CLANG_WARN_DOCUMENTATION_COMMENTS = YES;
				CLANG_WARN_EMPTY_BODY = YES;
				CLANG_WARN_ENUM_CONVERSION = YES;
				CLANG_WARN_INFINITE_RECURSION = YES;
				CLANG_WARN_INT_CONVERSION = YES;
				CLANG_WARN_NON_LITERAL_NULL_CONVERSION = YES;
				CLANG_WARN_OBJC_IMPLICIT_RETAIN_SELF = YES;
				CLANG_WARN_OBJC_LITERAL_CONVERSION = YES;
				CLANG_WARN_OBJC_ROOT_CLASS = YES_ERROR;
				CLANG_WARN_QUOTED_INCLUDE_IN_FRAMEWORK_HEADER = YES;
				CLANG_WARN_RANGE_LOOP_ANALYSIS = YES;
				CLANG_WARN_STRICT_PROTOTYPES = YES;
				CLANG_WARN_SUSPICIOUS_MOVE = YES;
				CLANG_WARN_UNGUARDED_AVAILABILITY = YES_AGGRESSIVE;
				CLANG_WARN_UNREACHABLE_CODE = YES;
				CLANG_WARN__DUPLICATE_METHOD_MATCH = YES;
				COPY_PHASE_STRIP = NO;
				DEBUG_INFORMATION_FORMAT = dwarf;
				ENABLE_STRICT_OBJC_MSGSEND = YES;
				ENABLE_TESTABILITY = YES;
				GCC_C_LANGUAGE_STANDARD = gnu11;
				GCC_DYNAMIC_NO_PIC = NO;
				GCC_NO_COMMON_BLOCKS = YES;
				GCC_OPTIMIZATION_LEVEL = 0;
				GCC_PREPROCESSOR_DEFINITIONS = (
					"DEBUG=1",
					"$(inherited)",
				);
				GCC_WARN_64_TO_32_BIT_CONVERSION = YES;
				GCC_WARN_ABOUT_RETURN_TYPE = YES_ERROR;
				GCC_WARN_UNDECLARED_SELECTOR = YES;
				GCC_WARN_UNINITIALIZED_AUTOS = YES_AGGRESSIVE;
				GCC_WARN_UNUSED_FUNCTION = YES;
				GCC_WARN_UNUSED_VARIABLE = YES;
				IPHONEOS_DEPLOYMENT_TARGET = 15.4;
				MTL_ENABLE_DEBUG_INFO = INCLUDE_SOURCE;
				MTL_FAST_MATH = YES;
				ONLY_ACTIVE_ARCH = YES;
				SDKROOT = iphoneos;
				SWIFT_ACTIVE_COMPILATION_CONDITIONS = DEBUG;
				SWIFT_OPTIMIZATION_LEVEL = "-Onone";
			};
			name = Debug;
		};
		E3D74F6228A69BD4004C5172 /* Release */ = {
			isa = XCBuildConfiguration;
			buildSettings = {
				ALWAYS_SEARCH_USER_PATHS = NO;
				CLANG_ANALYZER_LOCALIZABILITY_NONLOCALIZED = YES;
				CLANG_ANALYZER_NONNULL = YES;
				CLANG_ANALYZER_NUMBER_OBJECT_CONVERSION = YES_AGGRESSIVE;
				CLANG_CXX_LANGUAGE_STANDARD = "gnu++17";
				CLANG_ENABLE_MODULES = YES;
				CLANG_ENABLE_OBJC_ARC = YES;
				CLANG_ENABLE_OBJC_WEAK = YES;
				CLANG_WARN_BLOCK_CAPTURE_AUTORELEASING = YES;
				CLANG_WARN_BOOL_CONVERSION = YES;
				CLANG_WARN_COMMA = YES;
				CLANG_WARN_CONSTANT_CONVERSION = YES;
				CLANG_WARN_DEPRECATED_OBJC_IMPLEMENTATIONS = YES;
				CLANG_WARN_DIRECT_OBJC_ISA_USAGE = YES_ERROR;
				CLANG_WARN_DOCUMENTATION_COMMENTS = YES;
				CLANG_WARN_EMPTY_BODY = YES;
				CLANG_WARN_ENUM_CONVERSION = YES;
				CLANG_WARN_INFINITE_RECURSION = YES;
				CLANG_WARN_INT_CONVERSION = YES;
				CLANG_WARN_NON_LITERAL_NULL_CONVERSION = YES;
				CLANG_WARN_OBJC_IMPLICIT_RETAIN_SELF = YES;
				CLANG_WARN_OBJC_LITERAL_CONVERSION = YES;
				CLANG_WARN_OBJC_ROOT_CLASS = YES_ERROR;
				CLANG_WARN_QUOTED_INCLUDE_IN_FRAMEWORK_HEADER = YES;
				CLANG_WARN_RANGE_LOOP_ANALYSIS = YES;
				CLANG_WARN_STRICT_PROTOTYPES = YES;
				CLANG_WARN_SUSPICIOUS_MOVE = YES;
				CLANG_WARN_UNGUARDED_AVAILABILITY = YES_AGGRESSIVE;
				CLANG_WARN_UNREACHABLE_CODE = YES;
				CLANG_WARN__DUPLICATE_METHOD_MATCH = YES;
				COPY_PHASE_STRIP = NO;
				DEBUG_INFORMATION_FORMAT = "dwarf-with-dsym";
				ENABLE_NS_ASSERTIONS = NO;
				ENABLE_STRICT_OBJC_MSGSEND = YES;
				GCC_C_LANGUAGE_STANDARD = gnu11;
				GCC_NO_COMMON_BLOCKS = YES;
				GCC_WARN_64_TO_32_BIT_CONVERSION = YES;
				GCC_WARN_ABOUT_RETURN_TYPE = YES_ERROR;
				GCC_WARN_UNDECLARED_SELECTOR = YES;
				GCC_WARN_UNINITIALIZED_AUTOS = YES_AGGRESSIVE;
				GCC_WARN_UNUSED_FUNCTION = YES;
				GCC_WARN_UNUSED_VARIABLE = YES;
				IPHONEOS_DEPLOYMENT_TARGET = 15.4;
				MTL_ENABLE_DEBUG_INFO = NO;
				MTL_FAST_MATH = YES;
				SDKROOT = iphoneos;
				SWIFT_COMPILATION_MODE = wholemodule;
				SWIFT_OPTIMIZATION_LEVEL = "-O";
				VALIDATE_PRODUCT = YES;
			};
			name = Release;
		};
		E3D74F6428A69BD4004C5172 /* Debug */ = {
			isa = XCBuildConfiguration;
			buildSettings = {
				ASSETCATALOG_COMPILER_APPICON_NAME = AppIcon;
				ASSETCATALOG_COMPILER_GLOBAL_ACCENT_COLOR_NAME = AccentColor;
				CODE_SIGN_ENTITLEMENTS = "FINDAPET-App/Services/NotificationManager/FINDAPET-App.entitlements";
				CODE_SIGN_STYLE = Automatic;
				CURRENT_PROJECT_VERSION = 1;
				DEVELOPMENT_TEAM = FY2MUX2TBL;
				GENERATE_INFOPLIST_FILE = YES;
				INFOPLIST_FILE = "FINDAPET-App/Supporting Files/Info.plist";
				INFOPLIST_KEY_CFBundleDisplayName = FINDAPET;
				INFOPLIST_KEY_UIApplicationSupportsIndirectInputEvents = YES;
				INFOPLIST_KEY_UILaunchStoryboardName = LaunchScreen;
				INFOPLIST_KEY_UIMainStoryboardFile = LaunchScreen;
				INFOPLIST_KEY_UISupportedInterfaceOrientations = UIInterfaceOrientationPortrait;
				INFOPLIST_KEY_UISupportedInterfaceOrientations_iPad = UIInterfaceOrientationPortrait;
				INFOPLIST_KEY_UISupportedInterfaceOrientations_iPhone = UIInterfaceOrientationPortrait;
				LD_RUNPATH_SEARCH_PATHS = (
					"$(inherited)",
					"@executable_path/Frameworks",
				);
				MARKETING_VERSION = 1.0;
				PRODUCT_BUNDLE_IDENTIFIER = "com.artemiy.FINDAPET-App";
				PRODUCT_NAME = "$(TARGET_NAME)";
				SWIFT_EMIT_LOC_STRINGS = YES;
				SWIFT_VERSION = 5.0;
				TARGETED_DEVICE_FAMILY = "1,2";
			};
			name = Debug;
		};
		E3D74F6528A69BD4004C5172 /* Release */ = {
			isa = XCBuildConfiguration;
			buildSettings = {
				ASSETCATALOG_COMPILER_APPICON_NAME = AppIcon;
				ASSETCATALOG_COMPILER_GLOBAL_ACCENT_COLOR_NAME = AccentColor;
				CODE_SIGN_ENTITLEMENTS = "FINDAPET-App/Services/NotificationManager/FINDAPET-App.entitlements";
				CODE_SIGN_STYLE = Automatic;
				CURRENT_PROJECT_VERSION = 1;
				DEVELOPMENT_TEAM = FY2MUX2TBL;
				GENERATE_INFOPLIST_FILE = YES;
				INFOPLIST_FILE = "FINDAPET-App/Supporting Files/Info.plist";
				INFOPLIST_KEY_CFBundleDisplayName = FINDAPET;
				INFOPLIST_KEY_UIApplicationSupportsIndirectInputEvents = YES;
				INFOPLIST_KEY_UILaunchStoryboardName = LaunchScreen;
				INFOPLIST_KEY_UIMainStoryboardFile = LaunchScreen;
				INFOPLIST_KEY_UISupportedInterfaceOrientations = UIInterfaceOrientationPortrait;
				INFOPLIST_KEY_UISupportedInterfaceOrientations_iPad = UIInterfaceOrientationPortrait;
				INFOPLIST_KEY_UISupportedInterfaceOrientations_iPhone = UIInterfaceOrientationPortrait;
				LD_RUNPATH_SEARCH_PATHS = (
					"$(inherited)",
					"@executable_path/Frameworks",
				);
				MARKETING_VERSION = 1.0;
				PRODUCT_BUNDLE_IDENTIFIER = "com.artemiy.FINDAPET-App";
				PRODUCT_NAME = "$(TARGET_NAME)";
				SWIFT_EMIT_LOC_STRINGS = YES;
				SWIFT_VERSION = 5.0;
				TARGETED_DEVICE_FAMILY = "1,2";
			};
			name = Release;
		};
/* End XCBuildConfiguration section */

/* Begin XCConfigurationList section */
		E3D74F4728A69BD2004C5172 /* Build configuration list for PBXProject "FINDAPET-App" */ = {
			isa = XCConfigurationList;
			buildConfigurations = (
				E3D74F6128A69BD4004C5172 /* Debug */,
				E3D74F6228A69BD4004C5172 /* Release */,
			);
			defaultConfigurationIsVisible = 0;
			defaultConfigurationName = Release;
		};
		E3D74F6328A69BD4004C5172 /* Build configuration list for PBXNativeTarget "FINDAPET-App" */ = {
			isa = XCConfigurationList;
			buildConfigurations = (
				E3D74F6428A69BD4004C5172 /* Debug */,
				E3D74F6528A69BD4004C5172 /* Release */,
			);
			defaultConfigurationIsVisible = 0;
			defaultConfigurationName = Release;
		};
/* End XCConfigurationList section */

/* Begin XCRemoteSwiftPackageReference section */
		E34ABC5528A7D40900A7D2C8 /* XCRemoteSwiftPackageReference "KeychainAccess" */ = {
			isa = XCRemoteSwiftPackageReference;
			repositoryURL = "https://github.com/kishikawakatsumi/KeychainAccess";
			requirement = {
				branch = master;
				kind = branch;
			};
		};
		E3BC6C9F28ABF91800CDA167 /* XCRemoteSwiftPackageReference "SnapKit" */ = {
			isa = XCRemoteSwiftPackageReference;
			repositoryURL = "https://github.com/SnapKit/SnapKit";
			requirement = {
				branch = develop;
				kind = branch;
			};
		};
/* End XCRemoteSwiftPackageReference section */

/* Begin XCSwiftPackageProductDependency section */
		E34ABC5628A7D40900A7D2C8 /* KeychainAccess */ = {
			isa = XCSwiftPackageProductDependency;
			package = E34ABC5528A7D40900A7D2C8 /* XCRemoteSwiftPackageReference "KeychainAccess" */;
			productName = KeychainAccess;
		};
		E3BC6CA028ABF91800CDA167 /* SnapKit */ = {
			isa = XCSwiftPackageProductDependency;
			package = E3BC6C9F28ABF91800CDA167 /* XCRemoteSwiftPackageReference "SnapKit" */;
			productName = SnapKit;
		};
/* End XCSwiftPackageProductDependency section */

/* Begin XCVersionGroup section */
		E3D74F5828A69BD2004C5172 /* FINDAPET_App.xcdatamodeld */ = {
			isa = XCVersionGroup;
			children = (
				E3D74F5928A69BD2004C5172 /* FINDAPET_App.xcdatamodel */,
			);
			currentVersion = E3D74F5928A69BD2004C5172 /* FINDAPET_App.xcdatamodel */;
			path = FINDAPET_App.xcdatamodeld;
			sourceTree = "<group>";
			versionGroupType = wrapper.xcdatamodel;
		};
/* End XCVersionGroup section */
	};
	rootObject = E3D74F4428A69BD2004C5172 /* Project object */;
}
